
Microsoft Visual Studio Solution File, Format Version 12.00
# Visual Studio Version 16
VisualStudioVersion = 16.0.31205.134
MinimumVisualStudioVersion = 10.0.40219.1
Project("{FAE04EC0-301F-11D3-BF4B-00C04F79EFBC}") = "Libraries", "Libraries\Libraries.csproj", "{8A05A775-C7C1-486D-91F4-33776353A95F}"
EndProject
Global
	GlobalSection(SolutionConfigurationPlatforms) = preSolution
		Debug|Any CPU = Debug|Any CPU
		Release|Any CPU = Release|Any CPU
	EndGlobalSection
	GlobalSection(ProjectConfigurationPlatforms) = postSolution
		{8A05A775-C7C1-486D-91F4-33776353A95F}.Debug|Any CPU.ActiveCfg = Debug|Any CPU
		{8A05A775-C7C1-486D-91F4-33776353A95F}.Debug|Any CPU.Build.0 = Debug|Any CPU
		{8A05A775-C7C1-486D-91F4-33776353A95F}.Release|Any CPU.ActiveCfg = Release|Any CPU
		{8A05A775-C7C1-486D-91F4-33776353A95F}.Release|Any CPU.Build.0 = Release|Any CPU
	EndGlobalSection
	GlobalSection(SolutionProperties) = preSolution
		HideSolutionNode = FALSE
	EndGlobalSection
	GlobalSection(ExtensibilityGlobals) = postSolution
		SolutionGuid = {33FC8699-DE44-4FE1-BE25-7F0B7DA7A53D}
	EndGlobalSection
EndGlobal
